// !$*UTF8*$!
{
	archiveVersion = 1;
	classes = {
	};
	objectVersion = 46;
	objects = {

/* Begin PBXGroup section */
		92ABB33A1BD348DB009EB354 = {
			isa = PBXGroup;
			children = (
			);
			sourceTree = "<group>";
		};
/* End PBXGroup section */

/* Begin PBXProject section */
		92ABB33B1BD348DB009EB354 /* Project object */ = {
			isa = PBXProject;
			attributes = {
				LastUpgradeCheck = 0700;
			};
			buildConfigurationList = 92ABB33E1BD348DB009EB354 /* Build configuration list for PBXProject "XCodeTemplates" */;
			compatibilityVersion = "Xcode 3.2";
			developmentRegion = English;
			hasScannedForEncodings = 0;
			knownRegions = (
				en,
			);
			mainGroup = 92ABB33A1BD348DB009EB354;
			projectDirPath = "";
			projectRoot = "";
			targets = (
			);
		};
/* End PBXProject section */

/* Begin XCBuildConfiguration section */
		92ABB33F1BD348DB009EB354 /* Debug */ = {
			isa = XCBuildConfiguration;
			buildSettings = {
			};
			name = Debug;
		};
		92ABB3401BD348DB009EB354 /* Release */ = {
			isa = XCBuildConfiguration;
			buildSettings = {
			};
			name = Release;
		};
/* End XCBuildConfiguration section */

/* Begin XCConfigurationList section */
		92ABB33E1BD348DB009EB354 /* Build configuration list for PBXProject "XCodeTemplates" */ = {
			isa = XCConfigurationList;
			buildConfigurations = (
				92ABB33F1BD348DB009EB354 /* Debug */,
				92ABB3401BD348DB009EB354 /* Release */,
			);
			defaultConfigurationIsVisible = 0;
			defaultConfigurationName = Release;
		};
/* End XCConfigurationList section */
	};
	rootObject = 92ABB33B1BD348DB009EB354 /* Project object */;
}
